// !$*UTF8*$!
{
	archiveVersion = 1;
	classes = {
	};
	objectVersion = 46;
	objects = {

/* Begin PBXBuildFile section */
		9891E0271DE12E6500AF88BA /* AppDelegate.swift in Sources */ = {isa = PBXBuildFile; fileRef = 9891E0261DE12E6500AF88BA /* AppDelegate.swift */; };
		9891E0291DE12E6500AF88BA /* ViewController.swift in Sources */ = {isa = PBXBuildFile; fileRef = 9891E0281DE12E6500AF88BA /* ViewController.swift */; };
		9891E02C1DE12E6500AF88BA /* Main.storyboard in Resources */ = {isa = PBXBuildFile; fileRef = 9891E02A1DE12E6500AF88BA /* Main.storyboard */; };
		9891E02E1DE12E6500AF88BA /* Assets.xcassets in Resources */ = {isa = PBXBuildFile; fileRef = 9891E02D1DE12E6500AF88BA /* Assets.xcassets */; };
		9891E0311DE12E6500AF88BA /* LaunchScreen.storyboard in Resources */ = {isa = PBXBuildFile; fileRef = 9891E02F1DE12E6500AF88BA /* LaunchScreen.storyboard */; };
/* End PBXBuildFile section */

/* Begin PBXFileReference section */
		9891E0231DE12E6400AF88BA /* BarberApp.app */ = {isa = PBXFileReference; explicitFileType = wrapper.application; includeInIndex = 0; path = BarberApp.app; sourceTree = BUILT_PRODUCTS_DIR; };
		9891E0261DE12E6500AF88BA /* AppDelegate.swift */ = {isa = PBXFileReference; lastKnownFileType = sourcecode.swift; path = AppDelegate.swift; sourceTree = "<group>"; };
		9891E0281DE12E6500AF88BA /* ViewController.swift */ = {isa = PBXFileReference; lastKnownFileType = sourcecode.swift; path = ViewController.swift; sourceTree = "<group>"; };
		9891E02B1DE12E6500AF88BA /* Base */ = {isa = PBXFileReference; lastKnownFileType = file.storyboard; name = Base; path = Base.lproj/Main.storyboard; sourceTree = "<group>"; };
		9891E02D1DE12E6500AF88BA /* Assets.xcassets */ = {isa = PBXFileReference; lastKnownFileType = folder.assetcatalog; path = Assets.xcassets; sourceTree = "<group>"; };
		9891E0301DE12E6500AF88BA /* Base */ = {isa = PBXFileReference; lastKnownFileType = file.storyboard; name = Base; path = Base.lproj/LaunchScreen.storyboard; sourceTree = "<group>"; };
		9891E0321DE12E6500AF88BA /* Info.plist */ = {isa = PBXFileReference; lastKnownFileType = text.plist.xml; path = Info.plist; sourceTree = "<group>"; };
/* End PBXFileReference section */

/* Begin PBXFrameworksBuildPhase section */
		9891E0201DE12E6400AF88BA /* Frameworks */ = {
			isa = PBXFrameworksBuildPhase;
			buildActionMask = 2147483647;
			files = (
			);
			runOnlyForDeploymentPostprocessing = 0;
		};
/* End PBXFrameworksBuildPhase section */

/* Begin PBXGroup section */
		9891E01A1DE12E6400AF88BA = {
			isa = PBXGroup;
			children = (
				9891E0251DE12E6400AF88BA /* BarberApp */,
				9891E0241DE12E6400AF88BA /* Products */,
			);
			sourceTree = "<group>";
		};
		9891E0241DE12E6400AF88BA /* Products */ = {
			isa = PBXGroup;
			children = (
				9891E0231DE12E6400AF88BA /* BarberApp.app */,
			);
			name = Products;
			sourceTree = "<group>";
		};
		9891E0251DE12E6400AF88BA /* BarberApp */ = {
			isa = PBXGroup;
			children = (
				9891E0261DE12E6500AF88BA /* AppDelegate.swift */,
				9891E0281DE12E6500AF88BA /* ViewController.swift */,
				9891E02A1DE12E6500AF88BA /* Main.storyboard */,
				9891E02D1DE12E6500AF88BA /* Assets.xcassets */,
				9891E02F1DE12E6500AF88BA /* LaunchScreen.storyboard */,
				9891E0321DE12E6500AF88BA /* Info.plist */,
			);
			path = BarberApp;
			sourceTree = "<group>";
		};
/* End PBXGroup section */

/* Begin PBXNativeTarget section */
		9891E0221DE12E6400AF88BA /* BarberApp */ = {
			isa = PBXNativeTarget;
			buildConfigurationList = 9891E0351DE12E6500AF88BA /* Build configuration list for PBXNativeTarget "BarberApp" */;
			buildPhases = (
				9891E01F1DE12E6400AF88BA /* Sources */,
				9891E0201DE12E6400AF88BA /* Frameworks */,
				9891E0211DE12E6400AF88BA /* Resources */,
			);
			buildRules = (
			);
			dependencies = (
			);
			name = BarberApp;
			productName = BarberApp;
			productReference = 9891E0231DE12E6400AF88BA /* BarberApp.app */;
			productType = "com.apple.product-type.application";
		};
/* End PBXNativeTarget section */

/* Begin PBXProject section */
		9891E01B1DE12E6400AF88BA /* Project object */ = {
			isa = PBXProject;
			attributes = {
				LastSwiftUpdateCheck = 0810;
				LastUpgradeCheck = 0810;
				ORGANIZATIONNAME = "Sunil Kharat";
				TargetAttributes = {
					9891E0221DE12E6400AF88BA = {
						CreatedOnToolsVersion = 8.1;
						ProvisioningStyle = Automatic;
					};
				};
			};
			buildConfigurationList = 9891E01E1DE12E6400AF88BA /* Build configuration list for PBXProject "BarberApp" */;
			compatibilityVersion = "Xcode 3.2";
			developmentRegion = English;
			hasScannedForEncodings = 0;
			knownRegions = (
				en,
				Base,
			);
			mainGroup = 9891E01A1DE12E6400AF88BA;
			productRefGroup = 9891E0241DE12E6400AF88BA /* Products */;
			projectDirPath = "";
			projectRoot = "";
			targets = (
				9891E0221DE12E6400AF88BA /* BarberApp */,
			);
		};
/* End PBXProject section */

/* Begin PBXResourcesBuildPhase section */
		9891E0211DE12E6400AF88BA /* Resources */ = {
			isa = PBXResourcesBuildPhase;
			buildActionMask = 2147483647;
			files = (
				9891E0311DE12E6500AF88BA /* LaunchScreen.storyboard in Resources */,
				9891E02E1DE12E6500AF88BA /* Assets.xcassets in Resources */,
				9891E02C1DE12E6500AF88BA /* Main.storyboard in Resources */,
			);
			runOnlyForDeploymentPostprocessing = 0;
		};
/* End PBXResourcesBuildPhase section */

/* Begin PBXSourcesBuildPhase section */
		9891E01F1DE12E6400AF88BA /* Sources */ = {
			isa = PBXSourcesBuildPhase;
			buildActionMask = 2147483647;
			files = (
				9891E0291DE12E6500AF88BA /* ViewController.swift in Sources */,
				9891E0271DE12E6500AF88BA /* AppDelegate.swift in Sources */,
			);
			runOnlyForDeploymentPostprocessing = 0;
		};
/* End PBXSourcesBuildPhase section */

/* Begin PBXVariantGroup section */
		9891E02A1DE12E6500AF88BA /* Main.storyboard */ = {
			isa = PBXVariantGroup;
			children = (
				9891E02B1DE12E6500AF88BA /* Base */,
			);
			name = Main.storyboard;
			sourceTree = "<group>";
		};
		9891E02F1DE12E6500AF88BA /* LaunchScreen.storyboard */ = {
			isa = PBXVariantGroup;
			children = (
				9891E0301DE12E6500AF88BA /* Base */,
			);
			name = LaunchScreen.storyboard;
			sourceTree = "<group>";
		};
/* End PBXVariantGroup section */

/* Begin XCBuildConfiguration section */
		9891E0331DE12E6500AF88BA /* Debug */ = {
			isa = XCBuildConfiguration;
			buildSettings = {
				ALWAYS_SEARCH_USER_PATHS = NO;
				CLANG_ANALYZER_NONNULL = YES;
				CLANG_CXX_LANGUAGE_STANDARD = "gnu++0x";
				CLANG_CXX_LIBRARY = "libc++";
				CLANG_ENABLE_MODULES = YES;
				CLANG_ENABLE_OBJC_ARC = YES;
				CLANG_WARN_BOOL_CONVERSION = YES;
				CLANG_WARN_CONSTANT_CONVERSION = YES;
				CLANG_WARN_DIRECT_OBJC_ISA_USAGE = YES_ERROR;
				CLANG_WARN_DOCUMENTATION_COMMENTS = YES;
				CLANG_WARN_EMPTY_BODY = YES;
				CLANG_WARN_ENUM_CONVERSION = YES;
				CLANG_WARN_INFINITE_RECURSION = YES;
				CLANG_WARN_INT_CONVERSION = YES;
				CLANG_WARN_OBJC_ROOT_CLASS = YES_ERROR;
				CLANG_WARN_SUSPICIOUS_MOVES = YES;
				CLANG_WARN_UNREACHABLE_CODE = YES;
				CLANG_WARN__DUPLICATE_METHOD_MATCH = YES;
				"CODE_SIGN_IDENTITY[sdk=iphoneos*]" = "iPhone Developer";
				COPY_PHASE_STRIP = NO;
				DEBUG_INFORMATION_FORMAT = dwarf;
				ENABLE_STRICT_OBJC_MSGSEND = YES;
				ENABLE_TESTABILITY = YES;
				GCC_C_LANGUAGE_STANDARD = gnu99;
				GCC_DYNAMIC_NO_PIC = NO;
				GCC_NO_COMMON_BLOCKS = YES;
				GCC_OPTIMIZATION_LEVEL = 0;
				GCC_PREPROCESSOR_DEFINITIONS = (
					"DEBUG=1",
					"$(inherited)",
				);
				GCC_WARN_64_TO_32_BIT_CONVERSION = YES;
				GCC_WARN_ABOUT_RETURN_TYPE = YES_ERROR;
				GCC_WARN_UNDECLARED_SELECTOR = YES;
				GCC_WARN_UNINITIALIZED_AUTOS = YES_AGGRESSIVE;
				GCC_WARN_UNUSED_FUNCTION = YES;
				GCC_WARN_UNUSED_VARIABLE = YES;
				IPHONEOS_DEPLOYMENT_TARGET = 10.1;
				MTL_ENABLE_DEBUG_INFO = YES;
				ONLY_ACTIVE_ARCH = YES;
				SDKROOT = iphoneos;
				SWIFT_ACTIVE_COMPILATION_CONDITIONS = DEBUG;
				SWIFT_OPTIMIZATION_LEVEL = "-Onone";
			};
			name = Debug;
		};
		9891E0341DE12E6500AF88BA /* Release */ = {
			isa = XCBuildConfiguration;
			buildSettings = {
				ALWAYS_SEARCH_USER_PATHS = NO;
				CLANG_ANALYZER_NONNULL = YES;
				CLANG_CXX_LANGUAGE_STANDARD = "gnu++0x";
				CLANG_CXX_LIBRARY = "libc++";
				CLANG_ENABLE_MODULES = YES;
				CLANG_ENABLE_OBJC_ARC = YES;
				CLANG_WARN_BOOL_CONVERSION = YES;
				CLANG_WARN_CONSTANT_CONVERSION = YES;
				CLANG_WARN_DIRECT_OBJC_ISA_USAGE = YES_ERROR;
				CLANG_WARN_DOCUMENTATION_COMMENTS = YES;
				CLANG_WARN_EMPTY_BODY = YES;
				CLANG_WARN_ENUM_CONVERSION = YES;
				CLANG_WARN_INFINITE_RECURSION = YES;
				CLANG_WARN_INT_CONVERSION = YES;
				CLANG_WARN_OBJC_ROOT_CLASS = YES_ERROR;
				CLANG_WARN_SUSPICIOUS_MOVES = YES;
				CLANG_WARN_UNREACHABLE_CODE = YES;
				CLANG_WARN__DUPLICATE_METHOD_MATCH = YES;
				"CODE_SIGN_IDENTITY[sdk=iphoneos*]" = "iPhone Developer";
				COPY_PHASE_STRIP = NO;
				DEBUG_INFORMATION_FORMAT = "dwarf-with-dsym";
				ENABLE_NS_ASSERTIONS = NO;
				ENABLE_STRICT_OBJC_MSGSEND = YES;
				GCC_C_LANGUAGE_STANDARD = gnu99;
				GCC_NO_COMMON_BLOCKS = YES;
				GCC_WARN_64_TO_32_BIT_CONVERSION = YES;
				GCC_WARN_ABOUT_RETURN_TYPE = YES_ERROR;
				GCC_WARN_UNDECLARED_SELECTOR = YES;
				GCC_WARN_UNINITIALIZED_AUTOS = YES_AGGRESSIVE;
				GCC_WARN_UNUSED_FUNCTION = YES;
				GCC_WARN_UNUSED_VARIABLE = YES;
				IPHONEOS_DEPLOYMENT_TARGET = 10.1;
				MTL_ENABLE_DEBUG_INFO = NO;
				SDKROOT = iphoneos;
				SWIFT_OPTIMIZATION_LEVEL = "-Owholemodule";
				VALIDATE_PRODUCT = YES;
			};
			name = Release;
		};
		9891E0361DE12E6500AF88BA /* Debug */ = {
			isa = XCBuildConfiguration;
			buildSettings = {
				ASSETCATALOG_COMPILER_APPICON_NAME = AppIcon;
				INFOPLIST_FILE = BarberApp/Info.plist;
				LD_RUNPATH_SEARCH_PATHS = "$(inherited) @executable_path/Frameworks";
				PRODUCT_BUNDLE_IDENTIFIER = com.kharat.BarberApp;
				PRODUCT_NAME = "$(TARGET_NAME)";
				SWIFT_VERSION = 3.0;
			};
			name = Debug;
		};
		9891E0371DE12E6500AF88BA /* Release */ = {
			isa = XCBuildConfiguration;
			buildSettings = {
				ASSETCATALOG_COMPILER_APPICON_NAME = AppIcon;
				INFOPLIST_FILE = BarberApp/Info.plist;
				LD_RUNPATH_SEARCH_PATHS = "$(inherited) @executable_path/Frameworks";
				PRODUCT_BUNDLE_IDENTIFIER = com.kharat.BarberApp;
				PRODUCT_NAME = "$(TARGET_NAME)";
				SWIFT_VERSION = 3.0;
			};
			name = Release;
		};
/* End XCBuildConfiguration section */

/* Begin XCConfigurationList section */
		9891E01E1DE12E6400AF88BA /* Build configuration list for PBXProject "BarberApp" */ = {
			isa = XCConfigurationList;
			buildConfigurations = (
				9891E0331DE12E6500AF88BA /* Debug */,
				9891E0341DE12E6500AF88BA /* Release */,
			);
			defaultConfigurationIsVisible = 0;
			defaultConfigurationName = Release;
		};
		9891E0351DE12E6500AF88BA /* Build configuration list for PBXNativeTarget "BarberApp" */ = {
			isa = XCConfigurationList;
			buildConfigurations = (
				9891E0361DE12E6500AF88BA /* Debug */,
				9891E0371DE12E6500AF88BA /* Release */,
			);
			defaultConfigurationIsVisible = 0;
		};
/* End XCConfigurationList section */
	};
	rootObject = 9891E01B1DE12E6400AF88BA /* Project object */;
}
